
Microsoft Visual Studio Solution File, Format Version 12.00
# Visual Studio Version 16
VisualStudioVersion = 16.0.32002.261
MinimumVisualStudioVersion = 10.0.40219.1
Project("{FAE04EC0-301F-11D3-BF4B-00C04F79EFBC}") = "Ecomm", "Ecomm\Ecomm.csproj", "{2C98369B-BDA5-4710-A6E3-8EB38C2B52CC}"
EndProject
Global
	GlobalSection(SolutionConfigurationPlatforms) = preSolution
		Debug|Any CPU = Debug|Any CPU
		Release|Any CPU = Release|Any CPU
	EndGlobalSection
	GlobalSection(ProjectConfigurationPlatforms) = postSolution
		{2C98369B-BDA5-4710-A6E3-8EB38C2B52CC}.Debug|Any CPU.ActiveCfg = Debug|Any CPU
		{2C98369B-BDA5-4710-A6E3-8EB38C2B52CC}.Debug|Any CPU.Build.0 = Debug|Any CPU
		{2C98369B-BDA5-4710-A6E3-8EB38C2B52CC}.Release|Any CPU.ActiveCfg = Release|Any CPU
		{2C98369B-BDA5-4710-A6E3-8EB38C2B52CC}.Release|Any CPU.Build.0 = Release|Any CPU
	EndGlobalSection
	GlobalSection(SolutionProperties) = preSolution
		HideSolutionNode = FALSE
	EndGlobalSection
	GlobalSection(ExtensibilityGlobals) = postSolution
		SolutionGuid = {10DD9D83-B85D-4288-8C0A-6923C35C522F}
	EndGlobalSection
EndGlobal
